
Microsoft Visual Studio Solution File, Format Version 12.00
# Visual Studio 2017
Project("{FAE04EC0-301F-11D3-BF4B-00C04F79EFBC}") = "learning.Plugins", "learning.Plugins.csproj", "{3FCA3F3A-088E-05CE-11E0-90BDF41D1C7F}"
EndProject
Project("{FAE04EC0-301F-11D3-BF4B-00C04F79EFBC}") = "learning", "learning.csproj", "{70D6645B-98C0-AEC6-3ACA-B4B9E5A68BC8}"
EndProject
Global
	GlobalSection(SolutionConfigurationPlatforms) = preSolution
		Debug|Any CPU = Debug|Any CPU
		Release|Any CPU = Release|Any CPU
	EndGlobalSection
	GlobalSection(ProjectConfigurationPlatforms) = postSolution
		{3FCA3F3A-088E-05CE-11E0-90BDF41D1C7F}.Debug|Any CPU.ActiveCfg = Debug|Any CPU
		{3FCA3F3A-088E-05CE-11E0-90BDF41D1C7F}.Debug|Any CPU.Build.0 = Debug|Any CPU
		{3FCA3F3A-088E-05CE-11E0-90BDF41D1C7F}.Release|Any CPU.ActiveCfg = Release|Any CPU
		{3FCA3F3A-088E-05CE-11E0-90BDF41D1C7F}.Release|Any CPU.Build.0 = Release|Any CPU
		{70D6645B-98C0-AEC6-3ACA-B4B9E5A68BC8}.Debug|Any CPU.ActiveCfg = Debug|Any CPU
		{70D6645B-98C0-AEC6-3ACA-B4B9E5A68BC8}.Debug|Any CPU.Build.0 = Debug|Any CPU
		{70D6645B-98C0-AEC6-3ACA-B4B9E5A68BC8}.Release|Any CPU.ActiveCfg = Release|Any CPU
		{70D6645B-98C0-AEC6-3ACA-B4B9E5A68BC8}.Release|Any CPU.Build.0 = Release|Any CPU
	EndGlobalSection
	GlobalSection(SolutionProperties) = preSolution
		HideSolutionNode = FALSE
	EndGlobalSection
EndGlobal
